
Microsoft Visual Studio Solution File, Format Version 12.00
# Visual Studio Version 16
VisualStudioVersion = 16.0.30907.101
MinimumVisualStudioVersion = 10.0.40219.1
Project("{FAE04EC0-301F-11D3-BF4B-00C04F79EFBC}") = "DuAnKhachSan", "DuAnKhachSan\DuAnKhachSan.csproj", "{AFB29F37-11AC-40C6-98E0-27258669ABF3}"
EndProject
Project("{FAE04EC0-301F-11D3-BF4B-00C04F79EFBC}") = "DataProvider", "DataProvider\DataProvider.csproj", "{7B49CA7E-52FB-4AEB-A684-C07FA4E97BB3}"
EndProject
Project("{FAE04EC0-301F-11D3-BF4B-00C04F79EFBC}") = "DataAccess", "DataAccess\DataAccess.csproj", "{F2B94CD4-9218-4FD1-A43F-C58AD944A236}"
EndProject
Global
	GlobalSection(SolutionConfigurationPlatforms) = preSolution
		Debug|Any CPU = Debug|Any CPU
		Release|Any CPU = Release|Any CPU
	EndGlobalSection
	GlobalSection(ProjectConfigurationPlatforms) = postSolution
		{AFB29F37-11AC-40C6-98E0-27258669ABF3}.Debug|Any CPU.ActiveCfg = Debug|Any CPU
		{AFB29F37-11AC-40C6-98E0-27258669ABF3}.Debug|Any CPU.Build.0 = Debug|Any CPU
		{AFB29F37-11AC-40C6-98E0-27258669ABF3}.Release|Any CPU.ActiveCfg = Release|Any CPU
		{AFB29F37-11AC-40C6-98E0-27258669ABF3}.Release|Any CPU.Build.0 = Release|Any CPU
		{7B49CA7E-52FB-4AEB-A684-C07FA4E97BB3}.Debug|Any CPU.ActiveCfg = Debug|Any CPU
		{7B49CA7E-52FB-4AEB-A684-C07FA4E97BB3}.Debug|Any CPU.Build.0 = Debug|Any CPU
		{7B49CA7E-52FB-4AEB-A684-C07FA4E97BB3}.Release|Any CPU.ActiveCfg = Release|Any CPU
		{7B49CA7E-52FB-4AEB-A684-C07FA4E97BB3}.Release|Any CPU.Build.0 = Release|Any CPU
		{F2B94CD4-9218-4FD1-A43F-C58AD944A236}.Debug|Any CPU.ActiveCfg = Debug|Any CPU
		{F2B94CD4-9218-4FD1-A43F-C58AD944A236}.Debug|Any CPU.Build.0 = Debug|Any CPU
		{F2B94CD4-9218-4FD1-A43F-C58AD944A236}.Release|Any CPU.ActiveCfg = Release|Any CPU
		{F2B94CD4-9218-4FD1-A43F-C58AD944A236}.Release|Any CPU.Build.0 = Release|Any CPU
	EndGlobalSection
	GlobalSection(SolutionProperties) = preSolution
		HideSolutionNode = FALSE
	EndGlobalSection
	GlobalSection(ExtensibilityGlobals) = postSolution
		SolutionGuid = {5F4128CB-4318-4AA5-800C-ACAC54056419}
	EndGlobalSection
EndGlobal
